
Microsoft Visual Studio Solution File, Format Version 12.00
# Visual Studio Version 17
VisualStudioVersion = 17.0.31903.59
MinimumVisualStudioVersion = 10.0.40219.1
Project("{FAE04EC0-301F-11D3-BF4B-00C04F79EFBC}") = "iCUERedGreen", "iCUERedGreen\iCUERedGreen.csproj", "{90A8EEF8-C804-4AF2-8A45-BAB4C7E7DF12}"
EndProject
Project("{FAE04EC0-301F-11D3-BF4B-00C04F79EFBC}") = "iCUERedGreen.Tests", "iCUERedGreen.Tests\iCUERedGreen.Tests.csproj", "{4AF565CD-2834-4188-9A69-C4E3837BC5A7}"
EndProject
Project("{FAE04EC0-301F-11D3-BF4B-00C04F79EFBC}") = "iCUERedGreen.Core", "iCUERedGreen.Core\iCUERedGreen.Core.csproj", "{79796DC4-FDE3-47FA-8368-B0CE9949005B}"
EndProject
Global
	GlobalSection(SolutionConfigurationPlatforms) = preSolution
		Debug|Any CPU = Debug|Any CPU
		Debug|x64 = Debug|x64
		Debug|x86 = Debug|x86
		Release|Any CPU = Release|Any CPU
		Release|x64 = Release|x64
		Release|x86 = Release|x86
	EndGlobalSection
	GlobalSection(ProjectConfigurationPlatforms) = postSolution
		{90A8EEF8-C804-4AF2-8A45-BAB4C7E7DF12}.Debug|Any CPU.ActiveCfg = Debug|Any CPU
		{90A8EEF8-C804-4AF2-8A45-BAB4C7E7DF12}.Debug|Any CPU.Build.0 = Debug|Any CPU
		{90A8EEF8-C804-4AF2-8A45-BAB4C7E7DF12}.Debug|x64.ActiveCfg = Debug|Any CPU
		{90A8EEF8-C804-4AF2-8A45-BAB4C7E7DF12}.Debug|x64.Build.0 = Debug|Any CPU
		{90A8EEF8-C804-4AF2-8A45-BAB4C7E7DF12}.Debug|x86.ActiveCfg = Debug|Any CPU
		{90A8EEF8-C804-4AF2-8A45-BAB4C7E7DF12}.Debug|x86.Build.0 = Debug|Any CPU
		{90A8EEF8-C804-4AF2-8A45-BAB4C7E7DF12}.Release|Any CPU.ActiveCfg = Release|Any CPU
		{90A8EEF8-C804-4AF2-8A45-BAB4C7E7DF12}.Release|Any CPU.Build.0 = Release|Any CPU
		{90A8EEF8-C804-4AF2-8A45-BAB4C7E7DF12}.Release|x64.ActiveCfg = Release|Any CPU
		{90A8EEF8-C804-4AF2-8A45-BAB4C7E7DF12}.Release|x64.Build.0 = Release|Any CPU
		{90A8EEF8-C804-4AF2-8A45-BAB4C7E7DF12}.Release|x86.ActiveCfg = Release|Any CPU
		{90A8EEF8-C804-4AF2-8A45-BAB4C7E7DF12}.Release|x86.Build.0 = Release|Any CPU
		{4AF565CD-2834-4188-9A69-C4E3837BC5A7}.Debug|Any CPU.ActiveCfg = Debug|Any CPU
		{4AF565CD-2834-4188-9A69-C4E3837BC5A7}.Debug|Any CPU.Build.0 = Debug|Any CPU
		{4AF565CD-2834-4188-9A69-C4E3837BC5A7}.Debug|x64.ActiveCfg = Debug|Any CPU
		{4AF565CD-2834-4188-9A69-C4E3837BC5A7}.Debug|x64.Build.0 = Debug|Any CPU
		{4AF565CD-2834-4188-9A69-C4E3837BC5A7}.Debug|x86.ActiveCfg = Debug|Any CPU
		{4AF565CD-2834-4188-9A69-C4E3837BC5A7}.Debug|x86.Build.0 = Debug|Any CPU
		{4AF565CD-2834-4188-9A69-C4E3837BC5A7}.Release|Any CPU.ActiveCfg = Release|Any CPU
		{4AF565CD-2834-4188-9A69-C4E3837BC5A7}.Release|Any CPU.Build.0 = Release|Any CPU
		{4AF565CD-2834-4188-9A69-C4E3837BC5A7}.Release|x64.ActiveCfg = Release|Any CPU
		{4AF565CD-2834-4188-9A69-C4E3837BC5A7}.Release|x64.Build.0 = Release|Any CPU
		{4AF565CD-2834-4188-9A69-C4E3837BC5A7}.Release|x86.ActiveCfg = Release|Any CPU
		{4AF565CD-2834-4188-9A69-C4E3837BC5A7}.Release|x86.Build.0 = Release|Any CPU
		{79796DC4-FDE3-47FA-8368-B0CE9949005B}.Debug|Any CPU.ActiveCfg = Debug|Any CPU
		{79796DC4-FDE3-47FA-8368-B0CE9949005B}.Debug|Any CPU.Build.0 = Debug|Any CPU
		{79796DC4-FDE3-47FA-8368-B0CE9949005B}.Debug|x64.ActiveCfg = Debug|Any CPU
		{79796DC4-FDE3-47FA-8368-B0CE9949005B}.Debug|x64.Build.0 = Debug|Any CPU
		{79796DC4-FDE3-47FA-8368-B0CE9949005B}.Debug|x86.ActiveCfg = Debug|Any CPU
		{79796DC4-FDE3-47FA-8368-B0CE9949005B}.Debug|x86.Build.0 = Debug|Any CPU
		{79796DC4-FDE3-47FA-8368-B0CE9949005B}.Release|Any CPU.ActiveCfg = Release|Any CPU
		{79796DC4-FDE3-47FA-8368-B0CE9949005B}.Release|Any CPU.Build.0 = Release|Any CPU
		{79796DC4-FDE3-47FA-8368-B0CE9949005B}.Release|x64.ActiveCfg = Release|Any CPU
		{79796DC4-FDE3-47FA-8368-B0CE9949005B}.Release|x64.Build.0 = Release|Any CPU
		{79796DC4-FDE3-47FA-8368-B0CE9949005B}.Release|x86.ActiveCfg = Release|Any CPU
		{79796DC4-FDE3-47FA-8368-B0CE9949005B}.Release|x86.Build.0 = Release|Any CPU
	EndGlobalSection
	GlobalSection(SolutionProperties) = preSolution
		HideSolutionNode = FALSE
	EndGlobalSection
EndGlobal
